{
  "name": "ab-method",
  "version": "3.9.0",
  "lockfileVersion": 3,
  "requires": true,
  "packages": {
    "": {
      "name": "ab-method",
      "version": "3.9.0",
      "license": "MIT",
      "bin": {
        "ab-method": "cli.js"
      },
      "engines": {
        "node": ">=14.0.0"
      }
    }
  }
}
